// !$*UTF8*$!
{
	archiveVersion = 1;
	classes = {
	};
	objectVersion = 46;
	objects = {

/* Begin PBXBuildFile section */
		5A2C94E21E4D664800D77A2C /* server.cpp in Sources */ = {isa = PBXBuildFile; fileRef = 5A2821BD1E46EA4A00FC3EA4 /* server.cpp */; };
		5A2C94E51E4D6E2400D77A2C /* makefile in Sources */ = {isa = PBXBuildFile; fileRef = 5A2C94E31E4D6E2400D77A2C /* makefile */; };
/* End PBXBuildFile section */

/* Begin PBXCopyFilesBuildPhase section */
		5A2821B81E46EA4A00FC3EA4 /* CopyFiles */ = {
			isa = PBXCopyFilesBuildPhase;
			buildActionMask = 2147483647;
			dstPath = /usr/share/man/man1/;
			dstSubfolderSpec = 0;
			files = (
			);
			runOnlyForDeploymentPostprocessing = 1;
		};
/* End PBXCopyFilesBuildPhase section */

/* Begin PBXFileReference section */
		5A0E4D3B1E4AC52F0050E7D9 /* client.cpp */ = {isa = PBXFileReference; fileEncoding = 4; lastKnownFileType = sourcecode.cpp.cpp; path = client.cpp; sourceTree = "<group>"; };
		5A0E4D401E4BE95A0050E7D9 /* client copy.cpp */ = {isa = PBXFileReference; fileEncoding = 4; lastKnownFileType = sourcecode.cpp.cpp; path = "client copy.cpp"; sourceTree = "<group>"; };
		5A0E4D411E4BE95A0050E7D9 /* server copy.cpp */ = {isa = PBXFileReference; fileEncoding = 4; lastKnownFileType = sourcecode.cpp.cpp; path = "server copy.cpp"; sourceTree = "<group>"; };
		5A0E4D441E4BF8310050E7D9 /* client_armiwiki.cpp */ = {isa = PBXFileReference; fileEncoding = 4; lastKnownFileType = sourcecode.cpp.cpp; path = client_armiwiki.cpp; sourceTree = "<group>"; };
		5A0E4D461E4BF89F0050E7D9 /* server_armiwiki.cpp */ = {isa = PBXFileReference; fileEncoding = 4; lastKnownFileType = sourcecode.cpp.cpp; path = server_armiwiki.cpp; sourceTree = "<group>"; };
		5A2821BA1E46EA4A00FC3EA4 /* Data Comm Programming Assignment 1 */ = {isa = PBXFileReference; explicitFileType = "compiled.mach-o.executable"; includeInIndex = 0; path = "Data Comm Programming Assignment 1"; sourceTree = BUILT_PRODUCTS_DIR; };
		5A2821BD1E46EA4A00FC3EA4 /* server.cpp */ = {isa = PBXFileReference; lastKnownFileType = sourcecode.cpp.cpp; path = server.cpp; sourceTree = "<group>"; };
		5A2C94DD1E4D652F00D77A2C /* server beej.c */ = {isa = PBXFileReference; fileEncoding = 4; lastKnownFileType = sourcecode.c.c; path = "server beej.c"; sourceTree = "<group>"; };
		5A2C94DF1E4D654800D77A2C /* client beej.c */ = {isa = PBXFileReference; fileEncoding = 4; lastKnownFileType = sourcecode.c.c; path = "client beej.c"; sourceTree = "<group>"; };
		5A2C94E31E4D6E2400D77A2C /* makefile */ = {isa = PBXFileReference; fileEncoding = 4; lastKnownFileType = sourcecode.make; path = makefile; sourceTree = "<group>"; };
		5A2C94E41E4D6E2400D77A2C /* text.txt */ = {isa = PBXFileReference; fileEncoding = 4; lastKnownFileType = text; path = text.txt; sourceTree = "<group>"; };
/* End PBXFileReference section */

/* Begin PBXFrameworksBuildPhase section */
		5A2821B71E46EA4A00FC3EA4 /* Frameworks */ = {
			isa = PBXFrameworksBuildPhase;
			buildActionMask = 2147483647;
			files = (
			);
			runOnlyForDeploymentPostprocessing = 0;
		};
/* End PBXFrameworksBuildPhase section */

/* Begin PBXGroup section */
		5A2821B11E46EA4A00FC3EA4 = {
			isa = PBXGroup;
			children = (
				5A2821BC1E46EA4A00FC3EA4 /* Data Comm Programming Assignment 1 */,
				5A2821BB1E46EA4A00FC3EA4 /* Products */,
			);
			sourceTree = "<group>";
		};
		5A2821BB1E46EA4A00FC3EA4 /* Products */ = {
			isa = PBXGroup;
			children = (
				5A2821BA1E46EA4A00FC3EA4 /* Data Comm Programming Assignment 1 */,
			);
			name = Products;
			sourceTree = "<group>";
		};
		5A2821BC1E46EA4A00FC3EA4 /* Data Comm Programming Assignment 1 */ = {
			isa = PBXGroup;
			children = (
				5A2C94E31E4D6E2400D77A2C /* makefile */,
				5A2C94E41E4D6E2400D77A2C /* text.txt */,
				5A0E4D3B1E4AC52F0050E7D9 /* client.cpp */,
				5A2821BD1E46EA4A00FC3EA4 /* server.cpp */,
				5A0E4D401E4BE95A0050E7D9 /* client copy.cpp */,
				5A0E4D441E4BF8310050E7D9 /* client_armiwiki.cpp */,
				5A0E4D461E4BF89F0050E7D9 /* server_armiwiki.cpp */,
				5A0E4D411E4BE95A0050E7D9 /* server copy.cpp */,
				5A2C94DD1E4D652F00D77A2C /* server beej.c */,
				5A2C94DF1E4D654800D77A2C /* client beej.c */,
			);
			path = "Data Comm Programming Assignment 1";
			sourceTree = "<group>";
		};
/* End PBXGroup section */

/* Begin PBXNativeTarget section */
		5A2821B91E46EA4A00FC3EA4 /* Data Comm Programming Assignment 1 */ = {
			isa = PBXNativeTarget;
			buildConfigurationList = 5A2821C11E46EA4A00FC3EA4 /* Build configuration list for PBXNativeTarget "Data Comm Programming Assignment 1" */;
			buildPhases = (
				5A2821B61E46EA4A00FC3EA4 /* Sources */,
				5A2821B71E46EA4A00FC3EA4 /* Frameworks */,
				5A2821B81E46EA4A00FC3EA4 /* CopyFiles */,
			);
			buildRules = (
			);
			dependencies = (
			);
			name = "Data Comm Programming Assignment 1";
			productName = "Data Comm Programming Assignment 1";
			productReference = 5A2821BA1E46EA4A00FC3EA4 /* Data Comm Programming Assignment 1 */;
			productType = "com.apple.product-type.tool";
		};
/* End PBXNativeTarget section */

/* Begin PBXProject section */
		5A2821B21E46EA4A00FC3EA4 /* Project object */ = {
			isa = PBXProject;
			attributes = {
				LastUpgradeCheck = 0820;
				ORGANIZATIONNAME = "Hunter Holder";
				TargetAttributes = {
					5A2821B91E46EA4A00FC3EA4 = {
						CreatedOnToolsVersion = 8.2.1;
						ProvisioningStyle = Automatic;
					};
				};
			};
			buildConfigurationList = 5A2821B51E46EA4A00FC3EA4 /* Build configuration list for PBXProject "Data Comm Programming Assignment 1" */;
			compatibilityVersion = "Xcode 3.2";
			developmentRegion = English;
			hasScannedForEncodings = 0;
			knownRegions = (
				en,
			);
			mainGroup = 5A2821B11E46EA4A00FC3EA4;
			productRefGroup = 5A2821BB1E46EA4A00FC3EA4 /* Products */;
			projectDirPath = "";
			projectRoot = "";
			targets = (
				5A2821B91E46EA4A00FC3EA4 /* Data Comm Programming Assignment 1 */,
			);
		};
/* End PBXProject section */

/* Begin PBXSourcesBuildPhase section */
		5A2821B61E46EA4A00FC3EA4 /* Sources */ = {
			isa = PBXSourcesBuildPhase;
			buildActionMask = 2147483647;
			files = (
				5A2C94E51E4D6E2400D77A2C /* makefile in Sources */,
				5A2C94E21E4D664800D77A2C /* server.cpp in Sources */,
			);
			runOnlyForDeploymentPostprocessing = 0;
		};
/* End PBXSourcesBuildPhase section */

/* Begin XCBuildConfiguration section */
		5A2821BF1E46EA4A00FC3EA4 /* Debug */ = {
			isa = XCBuildConfiguration;
			buildSettings = {
				ALWAYS_SEARCH_USER_PATHS = NO;
				CLANG_ANALYZER_NONNULL = YES;
				CLANG_CXX_LANGUAGE_STANDARD = "gnu++0x";
				CLANG_CXX_LIBRARY = "libc++";
				CLANG_ENABLE_MODULES = YES;
				CLANG_ENABLE_OBJC_ARC = YES;
				CLANG_WARN_BOOL_CONVERSION = YES;
				CLANG_WARN_CONSTANT_CONVERSION = YES;
				CLANG_WARN_DIRECT_OBJC_ISA_USAGE = YES_ERROR;
				CLANG_WARN_DOCUMENTATION_COMMENTS = YES;
				CLANG_WARN_EMPTY_BODY = YES;
				CLANG_WARN_ENUM_CONVERSION = YES;
				CLANG_WARN_INFINITE_RECURSION = YES;
				CLANG_WARN_INT_CONVERSION = YES;
				CLANG_WARN_OBJC_ROOT_CLASS = YES_ERROR;
				CLANG_WARN_SUSPICIOUS_MOVE = YES;
				CLANG_WARN_UNREACHABLE_CODE = YES;
				CLANG_WARN__DUPLICATE_METHOD_MATCH = YES;
				CODE_SIGN_IDENTITY = "-";
				COPY_PHASE_STRIP = NO;
				DEBUG_INFORMATION_FORMAT = dwarf;
				ENABLE_STRICT_OBJC_MSGSEND = YES;
				ENABLE_TESTABILITY = YES;
				GCC_C_LANGUAGE_STANDARD = gnu99;
				GCC_DYNAMIC_NO_PIC = NO;
				GCC_NO_COMMON_BLOCKS = YES;
				GCC_OPTIMIZATION_LEVEL = 0;
				GCC_PREPROCESSOR_DEFINITIONS = (
					"DEBUG=1",
					"$(inherited)",
				);
				GCC_WARN_64_TO_32_BIT_CONVERSION = YES;
				GCC_WARN_ABOUT_RETURN_TYPE = YES_ERROR;
				GCC_WARN_UNDECLARED_SELECTOR = YES;
				GCC_WARN_UNINITIALIZED_AUTOS = YES_AGGRESSIVE;
				GCC_WARN_UNUSED_FUNCTION = YES;
				GCC_WARN_UNUSED_VARIABLE = YES;
				MACOSX_DEPLOYMENT_TARGET = 10.12;
				MTL_ENABLE_DEBUG_INFO = YES;
				ONLY_ACTIVE_ARCH = YES;
				SDKROOT = macosx;
			};
			name = Debug;
		};
		5A2821C01E46EA4A00FC3EA4 /* Release */ = {
			isa = XCBuildConfiguration;
			buildSettings = {
				ALWAYS_SEARCH_USER_PATHS = NO;
				CLANG_ANALYZER_NONNULL = YES;
				CLANG_CXX_LANGUAGE_STANDARD = "gnu++0x";
				CLANG_CXX_LIBRARY = "libc++";
				CLANG_ENABLE_MODULES = YES;
				CLANG_ENABLE_OBJC_ARC = YES;
				CLANG_WARN_BOOL_CONVERSION = YES;
				CLANG_WARN_CONSTANT_CONVERSION = YES;
				CLANG_WARN_DIRECT_OBJC_ISA_USAGE = YES_ERROR;
				CLANG_WARN_DOCUMENTATION_COMMENTS = YES;
				CLANG_WARN_EMPTY_BODY = YES;
				CLANG_WARN_ENUM_CONVERSION = YES;
				CLANG_WARN_INFINITE_RECURSION = YES;
				CLANG_WARN_INT_CONVERSION = YES;
				CLANG_WARN_OBJC_ROOT_CLASS = YES_ERROR;
				CLANG_WARN_SUSPICIOUS_MOVE = YES;
				CLANG_WARN_UNREACHABLE_CODE = YES;
				CLANG_WARN__DUPLICATE_METHOD_MATCH = YES;
				CODE_SIGN_IDENTITY = "-";
				COPY_PHASE_STRIP = NO;
				DEBUG_INFORMATION_FORMAT = "dwarf-with-dsym";
				ENABLE_NS_ASSERTIONS = NO;
				ENABLE_STRICT_OBJC_MSGSEND = YES;
				GCC_C_LANGUAGE_STANDARD = gnu99;
				GCC_NO_COMMON_BLOCKS = YES;
				GCC_WARN_64_TO_32_BIT_CONVERSION = YES;
				GCC_WARN_ABOUT_RETURN_TYPE = YES_ERROR;
				GCC_WARN_UNDECLARED_SELECTOR = YES;
				GCC_WARN_UNINITIALIZED_AUTOS = YES_AGGRESSIVE;
				GCC_WARN_UNUSED_FUNCTION = YES;
				GCC_WARN_UNUSED_VARIABLE = YES;
				MACOSX_DEPLOYMENT_TARGET = 10.12;
				MTL_ENABLE_DEBUG_INFO = NO;
				SDKROOT = macosx;
			};
			name = Release;
		};
		5A2821C21E46EA4A00FC3EA4 /* Debug */ = {
			isa = XCBuildConfiguration;
			buildSettings = {
				PRODUCT_NAME = "$(TARGET_NAME)";
			};
			name = Debug;
		};
		5A2821C31E46EA4A00FC3EA4 /* Release */ = {
			isa = XCBuildConfiguration;
			buildSettings = {
				PRODUCT_NAME = "$(TARGET_NAME)";
			};
			name = Release;
		};
/* End XCBuildConfiguration section */

/* Begin XCConfigurationList section */
		5A2821B51E46EA4A00FC3EA4 /* Build configuration list for PBXProject "Data Comm Programming Assignment 1" */ = {
			isa = XCConfigurationList;
			buildConfigurations = (
				5A2821BF1E46EA4A00FC3EA4 /* Debug */,
				5A2821C01E46EA4A00FC3EA4 /* Release */,
			);
			defaultConfigurationIsVisible = 0;
			defaultConfigurationName = Release;
		};
		5A2821C11E46EA4A00FC3EA4 /* Build configuration list for PBXNativeTarget "Data Comm Programming Assignment 1" */ = {
			isa = XCConfigurationList;
			buildConfigurations = (
				5A2821C21E46EA4A00FC3EA4 /* Debug */,
				5A2821C31E46EA4A00FC3EA4 /* Release */,
			);
			defaultConfigurationIsVisible = 0;
			defaultConfigurationName = Release;
		};
/* End XCConfigurationList section */
	};
	rootObject = 5A2821B21E46EA4A00FC3EA4 /* Project object */;
}
